
Microsoft Visual Studio Solution File, Format Version 12.00
# Visual Studio Version 17
VisualStudioVersion = 17.5.33530.505
MinimumVisualStudioVersion = 10.0.40219.1
Project("{9A19103F-16F7-4668-BE54-9A1E7A4F7556}") = "APITele", "APITele\APITele.csproj", "{41570880-0A9C-4C3B-9553-27711127D5B7}"
EndProject
Project("{FAE04EC0-301F-11D3-BF4B-00C04F79EFBC}") = "APITeleTests", "APITeleTests\APITeleTests.csproj", "{1A554215-259C-4FB8-B147-6E874C6A5871}"
EndProject
Global
	GlobalSection(SolutionConfigurationPlatforms) = preSolution
		Debug|Any CPU = Debug|Any CPU
		Release|Any CPU = Release|Any CPU
	EndGlobalSection
	GlobalSection(ProjectConfigurationPlatforms) = postSolution
		{41570880-0A9C-4C3B-9553-27711127D5B7}.Debug|Any CPU.ActiveCfg = Debug|Any CPU
		{41570880-0A9C-4C3B-9553-27711127D5B7}.Debug|Any CPU.Build.0 = Debug|Any CPU
		{41570880-0A9C-4C3B-9553-27711127D5B7}.Release|Any CPU.ActiveCfg = Release|Any CPU
		{41570880-0A9C-4C3B-9553-27711127D5B7}.Release|Any CPU.Build.0 = Release|Any CPU
		{1A554215-259C-4FB8-B147-6E874C6A5871}.Debug|Any CPU.ActiveCfg = Debug|Any CPU
		{1A554215-259C-4FB8-B147-6E874C6A5871}.Debug|Any CPU.Build.0 = Debug|Any CPU
		{1A554215-259C-4FB8-B147-6E874C6A5871}.Release|Any CPU.ActiveCfg = Release|Any CPU
		{1A554215-259C-4FB8-B147-6E874C6A5871}.Release|Any CPU.Build.0 = Release|Any CPU
	EndGlobalSection
	GlobalSection(SolutionProperties) = preSolution
		HideSolutionNode = FALSE
	EndGlobalSection
	GlobalSection(ExtensibilityGlobals) = postSolution
		SolutionGuid = {A76A27D6-4025-476F-ABFC-0194FFB438AC}
	EndGlobalSection
EndGlobal
